// !$*UTF8*$!
{
	archiveVersion = 1;
	classes = {
	};
	objectVersion = 46;
	objects = {

/* Begin PBXBuildFile section */
		176AE52E1E4EAB1C005DB9C5 /* AppDelegate.swift in Sources */ = {isa = PBXBuildFile; fileRef = 176AE52D1E4EAB1C005DB9C5 /* AppDelegate.swift */; };
		176AE5301E4EAB1C005DB9C5 /* ViewController.swift in Sources */ = {isa = PBXBuildFile; fileRef = 176AE52F1E4EAB1C005DB9C5 /* ViewController.swift */; };
		176AE5331E4EAB1C005DB9C5 /* Main.storyboard in Resources */ = {isa = PBXBuildFile; fileRef = 176AE5311E4EAB1C005DB9C5 /* Main.storyboard */; };
		176AE5351E4EAB1C005DB9C5 /* Assets.xcassets in Resources */ = {isa = PBXBuildFile; fileRef = 176AE5341E4EAB1C005DB9C5 /* Assets.xcassets */; };
		176AE5381E4EAB1C005DB9C5 /* LaunchScreen.storyboard in Resources */ = {isa = PBXBuildFile; fileRef = 176AE5361E4EAB1C005DB9C5 /* LaunchScreen.storyboard */; };
		176AE5401E4EB319005DB9C5 /* pokemon.csv in Resources */ = {isa = PBXBuildFile; fileRef = 176AE53F1E4EB319005DB9C5 /* pokemon.csv */; };
		1796B28F1E4F9C3F000D753F /* Pokemon.swift in Sources */ = {isa = PBXBuildFile; fileRef = 1796B28E1E4F9C3F000D753F /* Pokemon.swift */; };
		1796B2921E500546000D753F /* PokeCell.swift in Sources */ = {isa = PBXBuildFile; fileRef = 1796B2911E500546000D753F /* PokeCell.swift */; };
		1796B2941E50129C000D753F /* csv.swift in Sources */ = {isa = PBXBuildFile; fileRef = 1796B2931E50129C000D753F /* csv.swift */; };
		1796B2961E501F60000D753F /* pokemon.ttf in Resources */ = {isa = PBXBuildFile; fileRef = 1796B2951E501F60000D753F /* pokemon.ttf */; };
		1796B29B1E5021A4000D753F /* music.png in Resources */ = {isa = PBXBuildFile; fileRef = 1796B29A1E5021A4000D753F /* music.png */; };
		1796B29D1E50B033000D753F /* music.mp3 in Resources */ = {isa = PBXBuildFile; fileRef = 1796B29C1E50B033000D753F /* music.mp3 */; };
		179FF9A81E5372A800E1884A /* PokemonDetailVC.swift in Sources */ = {isa = PBXBuildFile; fileRef = 179FF9A71E5372A800E1884A /* PokemonDetailVC.swift */; };
		17A7F3291E53D904001848A8 /* Constants.swift in Sources */ = {isa = PBXBuildFile; fileRef = 17A7F3281E53D904001848A8 /* Constants.swift */; };
		3EECCCEA0500ECC0D234C2A4 /* Pods_pokedex3.framework in Frameworks */ = {isa = PBXBuildFile; fileRef = 0B6CD77BDBCF079A19D16DD8 /* Pods_pokedex3.framework */; };
/* End PBXBuildFile section */

/* Begin PBXFileReference section */
		0B6CD77BDBCF079A19D16DD8 /* Pods_pokedex3.framework */ = {isa = PBXFileReference; explicitFileType = wrapper.framework; includeInIndex = 0; path = Pods_pokedex3.framework; sourceTree = BUILT_PRODUCTS_DIR; };
		176AE52A1E4EAB1C005DB9C5 /* pokedex3.app */ = {isa = PBXFileReference; explicitFileType = wrapper.application; includeInIndex = 0; path = pokedex3.app; sourceTree = BUILT_PRODUCTS_DIR; };
		176AE52D1E4EAB1C005DB9C5 /* AppDelegate.swift */ = {isa = PBXFileReference; lastKnownFileType = sourcecode.swift; path = AppDelegate.swift; sourceTree = "<group>"; };
		176AE52F1E4EAB1C005DB9C5 /* ViewController.swift */ = {isa = PBXFileReference; lastKnownFileType = sourcecode.swift; path = ViewController.swift; sourceTree = "<group>"; };
		176AE5321E4EAB1C005DB9C5 /* Base */ = {isa = PBXFileReference; lastKnownFileType = file.storyboard; name = Base; path = Base.lproj/Main.storyboard; sourceTree = "<group>"; };
		176AE5341E4EAB1C005DB9C5 /* Assets.xcassets */ = {isa = PBXFileReference; lastKnownFileType = folder.assetcatalog; path = Assets.xcassets; sourceTree = "<group>"; };
		176AE5371E4EAB1C005DB9C5 /* Base */ = {isa = PBXFileReference; lastKnownFileType = file.storyboard; name = Base; path = Base.lproj/LaunchScreen.storyboard; sourceTree = "<group>"; };
		176AE5391E4EAB1C005DB9C5 /* Info.plist */ = {isa = PBXFileReference; lastKnownFileType = text.plist.xml; path = Info.plist; sourceTree = "<group>"; };
		176AE53F1E4EB319005DB9C5 /* pokemon.csv */ = {isa = PBXFileReference; fileEncoding = 4; lastKnownFileType = text; path = pokemon.csv; sourceTree = "<group>"; };
		1796B28E1E4F9C3F000D753F /* Pokemon.swift */ = {isa = PBXFileReference; fileEncoding = 4; lastKnownFileType = sourcecode.swift; path = Pokemon.swift; sourceTree = "<group>"; };
		1796B2911E500546000D753F /* PokeCell.swift */ = {isa = PBXFileReference; fileEncoding = 4; lastKnownFileType = sourcecode.swift; path = PokeCell.swift; sourceTree = "<group>"; };
		1796B2931E50129C000D753F /* csv.swift */ = {isa = PBXFileReference; fileEncoding = 4; lastKnownFileType = sourcecode.swift; path = csv.swift; sourceTree = "<group>"; };
		1796B2951E501F60000D753F /* pokemon.ttf */ = {isa = PBXFileReference; lastKnownFileType = file; path = pokemon.ttf; sourceTree = "<group>"; };
		1796B29A1E5021A4000D753F /* music.png */ = {isa = PBXFileReference; lastKnownFileType = image.png; path = music.png; sourceTree = "<group>"; };
		1796B29C1E50B033000D753F /* music.mp3 */ = {isa = PBXFileReference; lastKnownFileType = audio.mp3; path = music.mp3; sourceTree = "<group>"; };
		179FF9A71E5372A800E1884A /* PokemonDetailVC.swift */ = {isa = PBXFileReference; fileEncoding = 4; lastKnownFileType = sourcecode.swift; path = PokemonDetailVC.swift; sourceTree = "<group>"; };
		17A7F3281E53D904001848A8 /* Constants.swift */ = {isa = PBXFileReference; fileEncoding = 4; lastKnownFileType = sourcecode.swift; path = Constants.swift; sourceTree = "<group>"; };
		5C09539C0B3B0681D75BBD3C /* Pods-pokedex3.release.xcconfig */ = {isa = PBXFileReference; includeInIndex = 1; lastKnownFileType = text.xcconfig; name = "Pods-pokedex3.release.xcconfig"; path = "Pods/Target Support Files/Pods-pokedex3/Pods-pokedex3.release.xcconfig"; sourceTree = "<group>"; };
		6F3A557D8B0ACD47BA8EB3E6 /* Pods-pokedex3.debug.xcconfig */ = {isa = PBXFileReference; includeInIndex = 1; lastKnownFileType = text.xcconfig; name = "Pods-pokedex3.debug.xcconfig"; path = "Pods/Target Support Files/Pods-pokedex3/Pods-pokedex3.debug.xcconfig"; sourceTree = "<group>"; };
/* End PBXFileReference section */

/* Begin PBXFrameworksBuildPhase section */
		176AE5271E4EAB1C005DB9C5 /* Frameworks */ = {
			isa = PBXFrameworksBuildPhase;
			buildActionMask = 2147483647;
			files = (
				3EECCCEA0500ECC0D234C2A4 /* Pods_pokedex3.framework in Frameworks */,
			);
			runOnlyForDeploymentPostprocessing = 0;
		};
/* End PBXFrameworksBuildPhase section */

/* Begin PBXGroup section */
		176AE5211E4EAB1C005DB9C5 = {
			isa = PBXGroup;
			children = (
				176AE52C1E4EAB1C005DB9C5 /* pokedex3 */,
				176AE52B1E4EAB1C005DB9C5 /* Products */,
				EE1ED68129DEC0526D1E1A48 /* Pods */,
				59A4B9C492CCB271D09FBE5B /* Frameworks */,
			);
			sourceTree = "<group>";
		};
		176AE52B1E4EAB1C005DB9C5 /* Products */ = {
			isa = PBXGroup;
			children = (
				176AE52A1E4EAB1C005DB9C5 /* pokedex3.app */,
			);
			name = Products;
			sourceTree = "<group>";
		};
		176AE52C1E4EAB1C005DB9C5 /* pokedex3 */ = {
			isa = PBXGroup;
			children = (
				1796B28D1E4F9BFD000D753F /* Model */,
				1796B2901E500501000D753F /* View */,
				1796B2971E501F9B000D753F /* Controller */,
				176AE52D1E4EAB1C005DB9C5 /* AppDelegate.swift */,
				1796B2981E501FB3000D753F /* Resources */,
				1796B2991E502007000D753F /* Util */,
				176AE5311E4EAB1C005DB9C5 /* Main.storyboard */,
				176AE5341E4EAB1C005DB9C5 /* Assets.xcassets */,
				176AE5361E4EAB1C005DB9C5 /* LaunchScreen.storyboard */,
				176AE5391E4EAB1C005DB9C5 /* Info.plist */,
			);
			path = pokedex3;
			sourceTree = "<group>";
		};
		1796B28D1E4F9BFD000D753F /* Model */ = {
			isa = PBXGroup;
			children = (
				1796B28E1E4F9C3F000D753F /* Pokemon.swift */,
			);
			name = Model;
			sourceTree = "<group>";
		};
		1796B2901E500501000D753F /* View */ = {
			isa = PBXGroup;
			children = (
				1796B2911E500546000D753F /* PokeCell.swift */,
			);
			name = View;
			sourceTree = "<group>";
		};
		1796B2971E501F9B000D753F /* Controller */ = {
			isa = PBXGroup;
			children = (
				176AE52F1E4EAB1C005DB9C5 /* ViewController.swift */,
				179FF9A71E5372A800E1884A /* PokemonDetailVC.swift */,
			);
			name = Controller;
			sourceTree = "<group>";
		};
		1796B2981E501FB3000D753F /* Resources */ = {
			isa = PBXGroup;
			children = (
				176AE53F1E4EB319005DB9C5 /* pokemon.csv */,
				1796B2951E501F60000D753F /* pokemon.ttf */,
				1796B29A1E5021A4000D753F /* music.png */,
				1796B29C1E50B033000D753F /* music.mp3 */,
			);
			name = Resources;
			sourceTree = "<group>";
		};
		1796B2991E502007000D753F /* Util */ = {
			isa = PBXGroup;
			children = (
				1796B2931E50129C000D753F /* csv.swift */,
				17A7F3281E53D904001848A8 /* Constants.swift */,
			);
			name = Util;
			sourceTree = "<group>";
		};
		59A4B9C492CCB271D09FBE5B /* Frameworks */ = {
			isa = PBXGroup;
			children = (
				0B6CD77BDBCF079A19D16DD8 /* Pods_pokedex3.framework */,
			);
			name = Frameworks;
			sourceTree = "<group>";
		};
		EE1ED68129DEC0526D1E1A48 /* Pods */ = {
			isa = PBXGroup;
			children = (
				6F3A557D8B0ACD47BA8EB3E6 /* Pods-pokedex3.debug.xcconfig */,
				5C09539C0B3B0681D75BBD3C /* Pods-pokedex3.release.xcconfig */,
			);
			name = Pods;
			sourceTree = "<group>";
		};
/* End PBXGroup section */

/* Begin PBXNativeTarget section */
		176AE5291E4EAB1C005DB9C5 /* pokedex3 */ = {
			isa = PBXNativeTarget;
			buildConfigurationList = 176AE53C1E4EAB1C005DB9C5 /* Build configuration list for PBXNativeTarget "pokedex3" */;
			buildPhases = (
				147F0D9538912CC1D2E398E2 /* [CP] Check Pods Manifest.lock */,
				176AE5261E4EAB1C005DB9C5 /* Sources */,
				176AE5271E4EAB1C005DB9C5 /* Frameworks */,
				176AE5281E4EAB1C005DB9C5 /* Resources */,
				63275FB869E7F9632ADB6DBB /* [CP] Embed Pods Frameworks */,
				81D2670AAA32BD3C7C2FE49F /* [CP] Copy Pods Resources */,
			);
			buildRules = (
			);
			dependencies = (
			);
			name = pokedex3;
			productName = pokedex3;
			productReference = 176AE52A1E4EAB1C005DB9C5 /* pokedex3.app */;
			productType = "com.apple.product-type.application";
		};
/* End PBXNativeTarget section */

/* Begin PBXProject section */
		176AE5221E4EAB1C005DB9C5 /* Project object */ = {
			isa = PBXProject;
			attributes = {
				LastSwiftUpdateCheck = 0800;
				LastUpgradeCheck = 0800;
				ORGANIZATIONNAME = killerwilmer;
				TargetAttributes = {
					176AE5291E4EAB1C005DB9C5 = {
						CreatedOnToolsVersion = 8.0;
						LastSwiftMigration = 0800;
						ProvisioningStyle = Automatic;
					};
				};
			};
			buildConfigurationList = 176AE5251E4EAB1C005DB9C5 /* Build configuration list for PBXProject "pokedex3" */;
			compatibilityVersion = "Xcode 3.2";
			developmentRegion = English;
			hasScannedForEncodings = 0;
			knownRegions = (
				en,
				Base,
			);
			mainGroup = 176AE5211E4EAB1C005DB9C5;
			productRefGroup = 176AE52B1E4EAB1C005DB9C5 /* Products */;
			projectDirPath = "";
			projectRoot = "";
			targets = (
				176AE5291E4EAB1C005DB9C5 /* pokedex3 */,
			);
		};
/* End PBXProject section */

/* Begin PBXResourcesBuildPhase section */
		176AE5281E4EAB1C005DB9C5 /* Resources */ = {
			isa = PBXResourcesBuildPhase;
			buildActionMask = 2147483647;
			files = (
				1796B2961E501F60000D753F /* pokemon.ttf in Resources */,
				176AE5381E4EAB1C005DB9C5 /* LaunchScreen.storyboard in Resources */,
				176AE5351E4EAB1C005DB9C5 /* Assets.xcassets in Resources */,
				176AE5401E4EB319005DB9C5 /* pokemon.csv in Resources */,
				176AE5331E4EAB1C005DB9C5 /* Main.storyboard in Resources */,
				1796B29D1E50B033000D753F /* music.mp3 in Resources */,
				1796B29B1E5021A4000D753F /* music.png in Resources */,
			);
			runOnlyForDeploymentPostprocessing = 0;
		};
/* End PBXResourcesBuildPhase section */

/* Begin PBXShellScriptBuildPhase section */
		147F0D9538912CC1D2E398E2 /* [CP] Check Pods Manifest.lock */ = {
			isa = PBXShellScriptBuildPhase;
			buildActionMask = 2147483647;
			files = (
			);
			inputPaths = (
			);
			name = "[CP] Check Pods Manifest.lock";
			outputPaths = (
			);
			runOnlyForDeploymentPostprocessing = 0;
			shellPath = /bin/sh;
			shellScript = "diff \"${PODS_ROOT}/../Podfile.lock\" \"${PODS_ROOT}/Manifest.lock\" > /dev/null\nif [ $? != 0 ] ; then\n    # print error to STDERR\n    echo \"error: The sandbox is not in sync with the Podfile.lock. Run 'pod install' or update your CocoaPods installation.\" >&2\n    exit 1\nfi\n";
			showEnvVarsInLog = 0;
		};
		63275FB869E7F9632ADB6DBB /* [CP] Embed Pods Frameworks */ = {
			isa = PBXShellScriptBuildPhase;
			buildActionMask = 2147483647;
			files = (
			);
			inputPaths = (
			);
			name = "[CP] Embed Pods Frameworks";
			outputPaths = (
			);
			runOnlyForDeploymentPostprocessing = 0;
			shellPath = /bin/sh;
			shellScript = "\"${SRCROOT}/Pods/Target Support Files/Pods-pokedex3/Pods-pokedex3-frameworks.sh\"\n";
			showEnvVarsInLog = 0;
		};
		81D2670AAA32BD3C7C2FE49F /* [CP] Copy Pods Resources */ = {
			isa = PBXShellScriptBuildPhase;
			buildActionMask = 2147483647;
			files = (
			);
			inputPaths = (
			);
			name = "[CP] Copy Pods Resources";
			outputPaths = (
			);
			runOnlyForDeploymentPostprocessing = 0;
			shellPath = /bin/sh;
			shellScript = "\"${SRCROOT}/Pods/Target Support Files/Pods-pokedex3/Pods-pokedex3-resources.sh\"\n";
			showEnvVarsInLog = 0;
		};
/* End PBXShellScriptBuildPhase section */

/* Begin PBXSourcesBuildPhase section */
		176AE5261E4EAB1C005DB9C5 /* Sources */ = {
			isa = PBXSourcesBuildPhase;
			buildActionMask = 2147483647;
			files = (
				1796B2921E500546000D753F /* PokeCell.swift in Sources */,
				176AE5301E4EAB1C005DB9C5 /* ViewController.swift in Sources */,
				176AE52E1E4EAB1C005DB9C5 /* AppDelegate.swift in Sources */,
				179FF9A81E5372A800E1884A /* PokemonDetailVC.swift in Sources */,
				17A7F3291E53D904001848A8 /* Constants.swift in Sources */,
				1796B28F1E4F9C3F000D753F /* Pokemon.swift in Sources */,
				1796B2941E50129C000D753F /* csv.swift in Sources */,
			);
			runOnlyForDeploymentPostprocessing = 0;
		};
/* End PBXSourcesBuildPhase section */

/* Begin PBXVariantGroup section */
		176AE5311E4EAB1C005DB9C5 /* Main.storyboard */ = {
			isa = PBXVariantGroup;
			children = (
				176AE5321E4EAB1C005DB9C5 /* Base */,
			);
			name = Main.storyboard;
			sourceTree = "<group>";
		};
		176AE5361E4EAB1C005DB9C5 /* LaunchScreen.storyboard */ = {
			isa = PBXVariantGroup;
			children = (
				176AE5371E4EAB1C005DB9C5 /* Base */,
			);
			name = LaunchScreen.storyboard;
			sourceTree = "<group>";
		};
/* End PBXVariantGroup section */

/* Begin XCBuildConfiguration section */
		176AE53A1E4EAB1C005DB9C5 /* Debug */ = {
			isa = XCBuildConfiguration;
			buildSettings = {
				ALWAYS_SEARCH_USER_PATHS = NO;
				CLANG_ANALYZER_NONNULL = YES;
				CLANG_CXX_LANGUAGE_STANDARD = "gnu++0x";
				CLANG_CXX_LIBRARY = "libc++";
				CLANG_ENABLE_MODULES = YES;
				CLANG_ENABLE_OBJC_ARC = YES;
				CLANG_WARN_BOOL_CONVERSION = YES;
				CLANG_WARN_CONSTANT_CONVERSION = YES;
				CLANG_WARN_DIRECT_OBJC_ISA_USAGE = YES_ERROR;
				CLANG_WARN_DOCUMENTATION_COMMENTS = YES;
				CLANG_WARN_EMPTY_BODY = YES;
				CLANG_WARN_ENUM_CONVERSION = YES;
				CLANG_WARN_INFINITE_RECURSION = YES;
				CLANG_WARN_INT_CONVERSION = YES;
				CLANG_WARN_OBJC_ROOT_CLASS = YES_ERROR;
				CLANG_WARN_SUSPICIOUS_MOVES = YES;
				CLANG_WARN_UNREACHABLE_CODE = YES;
				CLANG_WARN__DUPLICATE_METHOD_MATCH = YES;
				"CODE_SIGN_IDENTITY[sdk=iphoneos*]" = "iPhone Developer";
				COPY_PHASE_STRIP = NO;
				DEBUG_INFORMATION_FORMAT = dwarf;
				ENABLE_STRICT_OBJC_MSGSEND = YES;
				ENABLE_TESTABILITY = YES;
				GCC_C_LANGUAGE_STANDARD = gnu99;
				GCC_DYNAMIC_NO_PIC = NO;
				GCC_NO_COMMON_BLOCKS = YES;
				GCC_OPTIMIZATION_LEVEL = 0;
				GCC_PREPROCESSOR_DEFINITIONS = (
					"DEBUG=1",
					"$(inherited)",
				);
				GCC_WARN_64_TO_32_BIT_CONVERSION = YES;
				GCC_WARN_ABOUT_RETURN_TYPE = YES_ERROR;
				GCC_WARN_UNDECLARED_SELECTOR = YES;
				GCC_WARN_UNINITIALIZED_AUTOS = YES_AGGRESSIVE;
				GCC_WARN_UNUSED_FUNCTION = YES;
				GCC_WARN_UNUSED_VARIABLE = YES;
				IPHONEOS_DEPLOYMENT_TARGET = 10.0;
				MTL_ENABLE_DEBUG_INFO = YES;
				ONLY_ACTIVE_ARCH = YES;
				SDKROOT = iphoneos;
				SWIFT_ACTIVE_COMPILATION_CONDITIONS = DEBUG;
				SWIFT_OPTIMIZATION_LEVEL = "-Onone";
			};
			name = Debug;
		};
		176AE53B1E4EAB1C005DB9C5 /* Release */ = {
			isa = XCBuildConfiguration;
			buildSettings = {
				ALWAYS_SEARCH_USER_PATHS = NO;
				CLANG_ANALYZER_NONNULL = YES;
				CLANG_CXX_LANGUAGE_STANDARD = "gnu++0x";
				CLANG_CXX_LIBRARY = "libc++";
				CLANG_ENABLE_MODULES = YES;
				CLANG_ENABLE_OBJC_ARC = YES;
				CLANG_WARN_BOOL_CONVERSION = YES;
				CLANG_WARN_CONSTANT_CONVERSION = YES;
				CLANG_WARN_DIRECT_OBJC_ISA_USAGE = YES_ERROR;
				CLANG_WARN_DOCUMENTATION_COMMENTS = YES;
				CLANG_WARN_EMPTY_BODY = YES;
				CLANG_WARN_ENUM_CONVERSION = YES;
				CLANG_WARN_INFINITE_RECURSION = YES;
				CLANG_WARN_INT_CONVERSION = YES;
				CLANG_WARN_OBJC_ROOT_CLASS = YES_ERROR;
				CLANG_WARN_SUSPICIOUS_MOVES = YES;
				CLANG_WARN_UNREACHABLE_CODE = YES;
				CLANG_WARN__DUPLICATE_METHOD_MATCH = YES;
				"CODE_SIGN_IDENTITY[sdk=iphoneos*]" = "iPhone Developer";
				COPY_PHASE_STRIP = NO;
				DEBUG_INFORMATION_FORMAT = "dwarf-with-dsym";
				ENABLE_NS_ASSERTIONS = NO;
				ENABLE_STRICT_OBJC_MSGSEND = YES;
				GCC_C_LANGUAGE_STANDARD = gnu99;
				GCC_NO_COMMON_BLOCKS = YES;
				GCC_WARN_64_TO_32_BIT_CONVERSION = YES;
				GCC_WARN_ABOUT_RETURN_TYPE = YES_ERROR;
				GCC_WARN_UNDECLARED_SELECTOR = YES;
				GCC_WARN_UNINITIALIZED_AUTOS = YES_AGGRESSIVE;
				GCC_WARN_UNUSED_FUNCTION = YES;
				GCC_WARN_UNUSED_VARIABLE = YES;
				IPHONEOS_DEPLOYMENT_TARGET = 10.0;
				MTL_ENABLE_DEBUG_INFO = NO;
				SDKROOT = iphoneos;
				SWIFT_OPTIMIZATION_LEVEL = "-Owholemodule";
				VALIDATE_PRODUCT = YES;
			};
			name = Release;
		};
		176AE53D1E4EAB1C005DB9C5 /* Debug */ = {
			isa = XCBuildConfiguration;
			baseConfigurationReference = 6F3A557D8B0ACD47BA8EB3E6 /* Pods-pokedex3.debug.xcconfig */;
			buildSettings = {
				ASSETCATALOG_COMPILER_APPICON_NAME = AppIcon;
				INFOPLIST_FILE = pokedex3/Info.plist;
				LD_RUNPATH_SEARCH_PATHS = "$(inherited) @executable_path/Frameworks";
				PRODUCT_BUNDLE_IDENTIFIER = com.killerwilmer.pokedex3;
				PRODUCT_NAME = "$(TARGET_NAME)";
				SWIFT_VERSION = 3.0;
			};
			name = Debug;
		};
		176AE53E1E4EAB1C005DB9C5 /* Release */ = {
			isa = XCBuildConfiguration;
			baseConfigurationReference = 5C09539C0B3B0681D75BBD3C /* Pods-pokedex3.release.xcconfig */;
			buildSettings = {
				ASSETCATALOG_COMPILER_APPICON_NAME = AppIcon;
				INFOPLIST_FILE = pokedex3/Info.plist;
				LD_RUNPATH_SEARCH_PATHS = "$(inherited) @executable_path/Frameworks";
				PRODUCT_BUNDLE_IDENTIFIER = com.killerwilmer.pokedex3;
				PRODUCT_NAME = "$(TARGET_NAME)";
				SWIFT_VERSION = 3.0;
			};
			name = Release;
		};
/* End XCBuildConfiguration section */

/* Begin XCConfigurationList section */
		176AE5251E4EAB1C005DB9C5 /* Build configuration list for PBXProject "pokedex3" */ = {
			isa = XCConfigurationList;
			buildConfigurations = (
				176AE53A1E4EAB1C005DB9C5 /* Debug */,
				176AE53B1E4EAB1C005DB9C5 /* Release */,
			);
			defaultConfigurationIsVisible = 0;
			defaultConfigurationName = Release;
		};
		176AE53C1E4EAB1C005DB9C5 /* Build configuration list for PBXNativeTarget "pokedex3" */ = {
			isa = XCConfigurationList;
			buildConfigurations = (
				176AE53D1E4EAB1C005DB9C5 /* Debug */,
				176AE53E1E4EAB1C005DB9C5 /* Release */,
			);
			defaultConfigurationIsVisible = 0;
			defaultConfigurationName = Release;
		};
/* End XCConfigurationList section */
	};
	rootObject = 176AE5221E4EAB1C005DB9C5 /* Project object */;
}
